// !$*UTF8*$!
{
	archiveVersion = 1;
	classes = {
	};
	objectVersion = 46;
	objects = {

/* Begin PBXBuildFile section */
		2AA58BD81EFB70EA005CA856 /* main.m in Sources */ = {isa = PBXBuildFile; fileRef = 2AA58BD71EFB70EA005CA856 /* main.m */; };
		2AA58BDB1EFB70EA005CA856 /* AppDelegate.m in Sources */ = {isa = PBXBuildFile; fileRef = 2AA58BDA1EFB70EA005CA856 /* AppDelegate.m */; };
		2AA58BDE1EFB70EA005CA856 /* ViewController.m in Sources */ = {isa = PBXBuildFile; fileRef = 2AA58BDD1EFB70EA005CA856 /* ViewController.m */; };
		2AA58BE11EFB70EA005CA856 /* Main.storyboard in Resources */ = {isa = PBXBuildFile; fileRef = 2AA58BDF1EFB70EA005CA856 /* Main.storyboard */; };
		2AA58BE31EFB70EA005CA856 /* Assets.xcassets in Resources */ = {isa = PBXBuildFile; fileRef = 2AA58BE21EFB70EA005CA856 /* Assets.xcassets */; };
		2AA58BE61EFB70EA005CA856 /* LaunchScreen.storyboard in Resources */ = {isa = PBXBuildFile; fileRef = 2AA58BE41EFB70EA005CA856 /* LaunchScreen.storyboard */; };
		2AA58BF11EFB70EA005CA856 /* RuntimeDemoTests.m in Sources */ = {isa = PBXBuildFile; fileRef = 2AA58BF01EFB70EA005CA856 /* RuntimeDemoTests.m */; };
		2AA58BFC1EFB70EB005CA856 /* RuntimeDemoUITests.m in Sources */ = {isa = PBXBuildFile; fileRef = 2AA58BFB1EFB70EB005CA856 /* RuntimeDemoUITests.m */; };
		2AA58C0B1EFB73E5005CA856 /* Receiver.m in Sources */ = {isa = PBXBuildFile; fileRef = 2AA58C0A1EFB73E5005CA856 /* Receiver.m */; };
		2AA58C111EFBA343005CA856 /* StepMother.m in Sources */ = {isa = PBXBuildFile; fileRef = 2AA58C101EFBA343005CA856 /* StepMother.m */; };
/* End PBXBuildFile section */

/* Begin PBXContainerItemProxy section */
		2AA58BED1EFB70EA005CA856 /* PBXContainerItemProxy */ = {
			isa = PBXContainerItemProxy;
			containerPortal = 2AA58BCB1EFB70EA005CA856 /* Project object */;
			proxyType = 1;
			remoteGlobalIDString = 2AA58BD21EFB70EA005CA856;
			remoteInfo = RuntimeDemo;
		};
		2AA58BF81EFB70EB005CA856 /* PBXContainerItemProxy */ = {
			isa = PBXContainerItemProxy;
			containerPortal = 2AA58BCB1EFB70EA005CA856 /* Project object */;
			proxyType = 1;
			remoteGlobalIDString = 2AA58BD21EFB70EA005CA856;
			remoteInfo = RuntimeDemo;
		};
/* End PBXContainerItemProxy section */

/* Begin PBXFileReference section */
		2AA58BD31EFB70EA005CA856 /* RuntimeDemo.app */ = {isa = PBXFileReference; explicitFileType = wrapper.application; includeInIndex = 0; path = RuntimeDemo.app; sourceTree = BUILT_PRODUCTS_DIR; };
		2AA58BD71EFB70EA005CA856 /* main.m */ = {isa = PBXFileReference; lastKnownFileType = sourcecode.c.objc; path = main.m; sourceTree = "<group>"; };
		2AA58BD91EFB70EA005CA856 /* AppDelegate.h */ = {isa = PBXFileReference; lastKnownFileType = sourcecode.c.h; path = AppDelegate.h; sourceTree = "<group>"; };
		2AA58BDA1EFB70EA005CA856 /* AppDelegate.m */ = {isa = PBXFileReference; lastKnownFileType = sourcecode.c.objc; path = AppDelegate.m; sourceTree = "<group>"; };
		2AA58BDC1EFB70EA005CA856 /* ViewController.h */ = {isa = PBXFileReference; lastKnownFileType = sourcecode.c.h; path = ViewController.h; sourceTree = "<group>"; };
		2AA58BDD1EFB70EA005CA856 /* ViewController.m */ = {isa = PBXFileReference; lastKnownFileType = sourcecode.c.objc; path = ViewController.m; sourceTree = "<group>"; };
		2AA58BE01EFB70EA005CA856 /* Base */ = {isa = PBXFileReference; lastKnownFileType = file.storyboard; name = Base; path = Base.lproj/Main.storyboard; sourceTree = "<group>"; };
		2AA58BE21EFB70EA005CA856 /* Assets.xcassets */ = {isa = PBXFileReference; lastKnownFileType = folder.assetcatalog; path = Assets.xcassets; sourceTree = "<group>"; };
		2AA58BE51EFB70EA005CA856 /* Base */ = {isa = PBXFileReference; lastKnownFileType = file.storyboard; name = Base; path = Base.lproj/LaunchScreen.storyboard; sourceTree = "<group>"; };
		2AA58BE71EFB70EA005CA856 /* Info.plist */ = {isa = PBXFileReference; lastKnownFileType = text.plist.xml; path = Info.plist; sourceTree = "<group>"; };
		2AA58BEC1EFB70EA005CA856 /* RuntimeDemoTests.xctest */ = {isa = PBXFileReference; explicitFileType = wrapper.cfbundle; includeInIndex = 0; path = RuntimeDemoTests.xctest; sourceTree = BUILT_PRODUCTS_DIR; };
		2AA58BF01EFB70EA005CA856 /* RuntimeDemoTests.m */ = {isa = PBXFileReference; lastKnownFileType = sourcecode.c.objc; path = RuntimeDemoTests.m; sourceTree = "<group>"; };
		2AA58BF21EFB70EA005CA856 /* Info.plist */ = {isa = PBXFileReference; lastKnownFileType = text.plist.xml; path = Info.plist; sourceTree = "<group>"; };
		2AA58BF71EFB70EA005CA856 /* RuntimeDemoUITests.xctest */ = {isa = PBXFileReference; explicitFileType = wrapper.cfbundle; includeInIndex = 0; path = RuntimeDemoUITests.xctest; sourceTree = BUILT_PRODUCTS_DIR; };
		2AA58BFB1EFB70EB005CA856 /* RuntimeDemoUITests.m */ = {isa = PBXFileReference; lastKnownFileType = sourcecode.c.objc; path = RuntimeDemoUITests.m; sourceTree = "<group>"; };
		2AA58BFD1EFB70EB005CA856 /* Info.plist */ = {isa = PBXFileReference; lastKnownFileType = text.plist.xml; path = Info.plist; sourceTree = "<group>"; };
		2AA58C091EFB73E5005CA856 /* Receiver.h */ = {isa = PBXFileReference; fileEncoding = 4; lastKnownFileType = sourcecode.c.h; path = Receiver.h; sourceTree = "<group>"; };
		2AA58C0A1EFB73E5005CA856 /* Receiver.m */ = {isa = PBXFileReference; fileEncoding = 4; lastKnownFileType = sourcecode.c.objc; path = Receiver.m; sourceTree = "<group>"; };
		2AA58C0F1EFBA343005CA856 /* StepMother.h */ = {isa = PBXFileReference; fileEncoding = 4; lastKnownFileType = sourcecode.c.h; name = StepMother.h; path = ../StepMother.h; sourceTree = "<group>"; };
		2AA58C101EFBA343005CA856 /* StepMother.m */ = {isa = PBXFileReference; fileEncoding = 4; lastKnownFileType = sourcecode.c.objc; name = StepMother.m; path = ../StepMother.m; sourceTree = "<group>"; };
/* End PBXFileReference section */

/* Begin PBXFrameworksBuildPhase section */
		2AA58BD01EFB70EA005CA856 /* Frameworks */ = {
			isa = PBXFrameworksBuildPhase;
			buildActionMask = 2147483647;
			files = (
			);
			runOnlyForDeploymentPostprocessing = 0;
		};
		2AA58BE91EFB70EA005CA856 /* Frameworks */ = {
			isa = PBXFrameworksBuildPhase;
			buildActionMask = 2147483647;
			files = (
			);
			runOnlyForDeploymentPostprocessing = 0;
		};
		2AA58BF41EFB70EA005CA856 /* Frameworks */ = {
			isa = PBXFrameworksBuildPhase;
			buildActionMask = 2147483647;
			files = (
			);
			runOnlyForDeploymentPostprocessing = 0;
		};
/* End PBXFrameworksBuildPhase section */

/* Begin PBXGroup section */
		2AA58BCA1EFB70EA005CA856 = {
			isa = PBXGroup;
			children = (
				2AA58BD51EFB70EA005CA856 /* RuntimeDemo */,
				2AA58BEF1EFB70EA005CA856 /* RuntimeDemoTests */,
				2AA58BFA1EFB70EB005CA856 /* RuntimeDemoUITests */,
				2AA58BD41EFB70EA005CA856 /* Products */,
			);
			sourceTree = "<group>";
		};
		2AA58BD41EFB70EA005CA856 /* Products */ = {
			isa = PBXGroup;
			children = (
				2AA58BD31EFB70EA005CA856 /* RuntimeDemo.app */,
				2AA58BEC1EFB70EA005CA856 /* RuntimeDemoTests.xctest */,
				2AA58BF71EFB70EA005CA856 /* RuntimeDemoUITests.xctest */,
			);
			name = Products;
			sourceTree = "<group>";
		};
		2AA58BD51EFB70EA005CA856 /* RuntimeDemo */ = {
			isa = PBXGroup;
			children = (
				2AA58BD91EFB70EA005CA856 /* AppDelegate.h */,
				2AA58BDA1EFB70EA005CA856 /* AppDelegate.m */,
				2AA58BDC1EFB70EA005CA856 /* ViewController.h */,
				2AA58BDD1EFB70EA005CA856 /* ViewController.m */,
				2AA58BDF1EFB70EA005CA856 /* Main.storyboard */,
				2AA58BE21EFB70EA005CA856 /* Assets.xcassets */,
				2AA58BE41EFB70EA005CA856 /* LaunchScreen.storyboard */,
				2AA58BE71EFB70EA005CA856 /* Info.plist */,
				2AA58BD61EFB70EA005CA856 /* Supporting Files */,
				2AA58C091EFB73E5005CA856 /* Receiver.h */,
				2AA58C0A1EFB73E5005CA856 /* Receiver.m */,
				2AA58C0F1EFBA343005CA856 /* StepMother.h */,
				2AA58C101EFBA343005CA856 /* StepMother.m */,
			);
			path = RuntimeDemo;
			sourceTree = "<group>";
		};
		2AA58BD61EFB70EA005CA856 /* Supporting Files */ = {
			isa = PBXGroup;
			children = (
				2AA58BD71EFB70EA005CA856 /* main.m */,
			);
			name = "Supporting Files";
			sourceTree = "<group>";
		};
		2AA58BEF1EFB70EA005CA856 /* RuntimeDemoTests */ = {
			isa = PBXGroup;
			children = (
				2AA58BF01EFB70EA005CA856 /* RuntimeDemoTests.m */,
				2AA58BF21EFB70EA005CA856 /* Info.plist */,
			);
			path = RuntimeDemoTests;
			sourceTree = "<group>";
		};
		2AA58BFA1EFB70EB005CA856 /* RuntimeDemoUITests */ = {
			isa = PBXGroup;
			children = (
				2AA58BFB1EFB70EB005CA856 /* RuntimeDemoUITests.m */,
				2AA58BFD1EFB70EB005CA856 /* Info.plist */,
			);
			path = RuntimeDemoUITests;
			sourceTree = "<group>";
		};
/* End PBXGroup section */

/* Begin PBXNativeTarget section */
		2AA58BD21EFB70EA005CA856 /* RuntimeDemo */ = {
			isa = PBXNativeTarget;
			buildConfigurationList = 2AA58C001EFB70EB005CA856 /* Build configuration list for PBXNativeTarget "RuntimeDemo" */;
			buildPhases = (
				2AA58BCF1EFB70EA005CA856 /* Sources */,
				2AA58BD01EFB70EA005CA856 /* Frameworks */,
				2AA58BD11EFB70EA005CA856 /* Resources */,
			);
			buildRules = (
			);
			dependencies = (
			);
			name = RuntimeDemo;
			productName = RuntimeDemo;
			productReference = 2AA58BD31EFB70EA005CA856 /* RuntimeDemo.app */;
			productType = "com.apple.product-type.application";
		};
		2AA58BEB1EFB70EA005CA856 /* RuntimeDemoTests */ = {
			isa = PBXNativeTarget;
			buildConfigurationList = 2AA58C031EFB70EB005CA856 /* Build configuration list for PBXNativeTarget "RuntimeDemoTests" */;
			buildPhases = (
				2AA58BE81EFB70EA005CA856 /* Sources */,
				2AA58BE91EFB70EA005CA856 /* Frameworks */,
				2AA58BEA1EFB70EA005CA856 /* Resources */,
			);
			buildRules = (
			);
			dependencies = (
				2AA58BEE1EFB70EA005CA856 /* PBXTargetDependency */,
			);
			name = RuntimeDemoTests;
			productName = RuntimeDemoTests;
			productReference = 2AA58BEC1EFB70EA005CA856 /* RuntimeDemoTests.xctest */;
			productType = "com.apple.product-type.bundle.unit-test";
		};
		2AA58BF61EFB70EA005CA856 /* RuntimeDemoUITests */ = {
			isa = PBXNativeTarget;
			buildConfigurationList = 2AA58C061EFB70EB005CA856 /* Build configuration list for PBXNativeTarget "RuntimeDemoUITests" */;
			buildPhases = (
				2AA58BF31EFB70EA005CA856 /* Sources */,
				2AA58BF41EFB70EA005CA856 /* Frameworks */,
				2AA58BF51EFB70EA005CA856 /* Resources */,
			);
			buildRules = (
			);
			dependencies = (
				2AA58BF91EFB70EB005CA856 /* PBXTargetDependency */,
			);
			name = RuntimeDemoUITests;
			productName = RuntimeDemoUITests;
			productReference = 2AA58BF71EFB70EA005CA856 /* RuntimeDemoUITests.xctest */;
			productType = "com.apple.product-type.bundle.ui-testing";
		};
/* End PBXNativeTarget section */

/* Begin PBXProject section */
		2AA58BCB1EFB70EA005CA856 /* Project object */ = {
			isa = PBXProject;
			attributes = {
				LastUpgradeCheck = 0830;
				ORGANIZATIONNAME = WP;
				TargetAttributes = {
					2AA58BD21EFB70EA005CA856 = {
						CreatedOnToolsVersion = 8.3.1;
						DevelopmentTeam = RLW446F9SR;
						ProvisioningStyle = Automatic;
					};
					2AA58BEB1EFB70EA005CA856 = {
						CreatedOnToolsVersion = 8.3.1;
						DevelopmentTeam = RLW446F9SR;
						ProvisioningStyle = Automatic;
						TestTargetID = 2AA58BD21EFB70EA005CA856;
					};
					2AA58BF61EFB70EA005CA856 = {
						CreatedOnToolsVersion = 8.3.1;
						DevelopmentTeam = RLW446F9SR;
						ProvisioningStyle = Automatic;
						TestTargetID = 2AA58BD21EFB70EA005CA856;
					};
				};
			};
			buildConfigurationList = 2AA58BCE1EFB70EA005CA856 /* Build configuration list for PBXProject "RuntimeDemo" */;
			compatibilityVersion = "Xcode 3.2";
			developmentRegion = English;
			hasScannedForEncodings = 0;
			knownRegions = (
				en,
				Base,
			);
			mainGroup = 2AA58BCA1EFB70EA005CA856;
			productRefGroup = 2AA58BD41EFB70EA005CA856 /* Products */;
			projectDirPath = "";
			projectRoot = "";
			targets = (
				2AA58BD21EFB70EA005CA856 /* RuntimeDemo */,
				2AA58BEB1EFB70EA005CA856 /* RuntimeDemoTests */,
				2AA58BF61EFB70EA005CA856 /* RuntimeDemoUITests */,
			);
		};
/* End PBXProject section */

/* Begin PBXResourcesBuildPhase section */
		2AA58BD11EFB70EA005CA856 /* Resources */ = {
			isa = PBXResourcesBuildPhase;
			buildActionMask = 2147483647;
			files = (
				2AA58BE61EFB70EA005CA856 /* LaunchScreen.storyboard in Resources */,
				2AA58BE31EFB70EA005CA856 /* Assets.xcassets in Resources */,
				2AA58BE11EFB70EA005CA856 /* Main.storyboard in Resources */,
			);
			runOnlyForDeploymentPostprocessing = 0;
		};
		2AA58BEA1EFB70EA005CA856 /* Resources */ = {
			isa = PBXResourcesBuildPhase;
			buildActionMask = 2147483647;
			files = (
			);
			runOnlyForDeploymentPostprocessing = 0;
		};
		2AA58BF51EFB70EA005CA856 /* Resources */ = {
			isa = PBXResourcesBuildPhase;
			buildActionMask = 2147483647;
			files = (
			);
			runOnlyForDeploymentPostprocessing = 0;
		};
/* End PBXResourcesBuildPhase section */

/* Begin PBXSourcesBuildPhase section */
		2AA58BCF1EFB70EA005CA856 /* Sources */ = {
			isa = PBXSourcesBuildPhase;
			buildActionMask = 2147483647;
			files = (
				2AA58C111EFBA343005CA856 /* StepMother.m in Sources */,
				2AA58BDE1EFB70EA005CA856 /* ViewController.m in Sources */,
				2AA58BDB1EFB70EA005CA856 /* AppDelegate.m in Sources */,
				2AA58C0B1EFB73E5005CA856 /* Receiver.m in Sources */,
				2AA58BD81EFB70EA005CA856 /* main.m in Sources */,
			);
			runOnlyForDeploymentPostprocessing = 0;
		};
		2AA58BE81EFB70EA005CA856 /* Sources */ = {
			isa = PBXSourcesBuildPhase;
			buildActionMask = 2147483647;
			files = (
				2AA58BF11EFB70EA005CA856 /* RuntimeDemoTests.m in Sources */,
			);
			runOnlyForDeploymentPostprocessing = 0;
		};
		2AA58BF31EFB70EA005CA856 /* Sources */ = {
			isa = PBXSourcesBuildPhase;
			buildActionMask = 2147483647;
			files = (
				2AA58BFC1EFB70EB005CA856 /* RuntimeDemoUITests.m in Sources */,
			);
			runOnlyForDeploymentPostprocessing = 0;
		};
/* End PBXSourcesBuildPhase section */

/* Begin PBXTargetDependency section */
		2AA58BEE1EFB70EA005CA856 /* PBXTargetDependency */ = {
			isa = PBXTargetDependency;
			target = 2AA58BD21EFB70EA005CA856 /* RuntimeDemo */;
			targetProxy = 2AA58BED1EFB70EA005CA856 /* PBXContainerItemProxy */;
		};
		2AA58BF91EFB70EB005CA856 /* PBXTargetDependency */ = {
			isa = PBXTargetDependency;
			target = 2AA58BD21EFB70EA005CA856 /* RuntimeDemo */;
			targetProxy = 2AA58BF81EFB70EB005CA856 /* PBXContainerItemProxy */;
		};
/* End PBXTargetDependency section */

/* Begin PBXVariantGroup section */
		2AA58BDF1EFB70EA005CA856 /* Main.storyboard */ = {
			isa = PBXVariantGroup;
			children = (
				2AA58BE01EFB70EA005CA856 /* Base */,
			);
			name = Main.storyboard;
			sourceTree = "<group>";
		};
		2AA58BE41EFB70EA005CA856 /* LaunchScreen.storyboard */ = {
			isa = PBXVariantGroup;
			children = (
				2AA58BE51EFB70EA005CA856 /* Base */,
			);
			name = LaunchScreen.storyboard;
			sourceTree = "<group>";
		};
/* End PBXVariantGroup section */

/* Begin XCBuildConfiguration section */
		2AA58BFE1EFB70EB005CA856 /* Debug */ = {
			isa = XCBuildConfiguration;
			buildSettings = {
				ALWAYS_SEARCH_USER_PATHS = NO;
				CLANG_ANALYZER_NONNULL = YES;
				CLANG_ANALYZER_NUMBER_OBJECT_CONVERSION = YES_AGGRESSIVE;
				CLANG_CXX_LANGUAGE_STANDARD = "gnu++0x";
				CLANG_CXX_LIBRARY = "libc++";
				CLANG_ENABLE_MODULES = YES;
				CLANG_ENABLE_OBJC_ARC = YES;
				CLANG_WARN_BOOL_CONVERSION = YES;
				CLANG_WARN_CONSTANT_CONVERSION = YES;
				CLANG_WARN_DIRECT_OBJC_ISA_USAGE = YES_ERROR;
				CLANG_WARN_DOCUMENTATION_COMMENTS = YES;
				CLANG_WARN_EMPTY_BODY = YES;
				CLANG_WARN_ENUM_CONVERSION = YES;
				CLANG_WARN_INFINITE_RECURSION = YES;
				CLANG_WARN_INT_CONVERSION = YES;
				CLANG_WARN_OBJC_ROOT_CLASS = YES_ERROR;
				CLANG_WARN_SUSPICIOUS_MOVE = YES;
				CLANG_WARN_UNREACHABLE_CODE = YES;
				CLANG_WARN__DUPLICATE_METHOD_MATCH = YES;
				"CODE_SIGN_IDENTITY[sdk=iphoneos*]" = "iPhone Developer";
				COPY_PHASE_STRIP = NO;
				DEBUG_INFORMATION_FORMAT = dwarf;
				ENABLE_STRICT_OBJC_MSGSEND = YES;
				ENABLE_TESTABILITY = YES;
				GCC_C_LANGUAGE_STANDARD = gnu99;
				GCC_DYNAMIC_NO_PIC = NO;
				GCC_NO_COMMON_BLOCKS = YES;
				GCC_OPTIMIZATION_LEVEL = 0;
				GCC_PREPROCESSOR_DEFINITIONS = (
					"DEBUG=1",
					"$(inherited)",
				);
				GCC_WARN_64_TO_32_BIT_CONVERSION = YES;
				GCC_WARN_ABOUT_RETURN_TYPE = YES_ERROR;
				GCC_WARN_UNDECLARED_SELECTOR = YES;
				GCC_WARN_UNINITIALIZED_AUTOS = YES_AGGRESSIVE;
				GCC_WARN_UNUSED_FUNCTION = YES;
				GCC_WARN_UNUSED_VARIABLE = YES;
				IPHONEOS_DEPLOYMENT_TARGET = 10.3;
				MTL_ENABLE_DEBUG_INFO = YES;
				ONLY_ACTIVE_ARCH = YES;
				SDKROOT = iphoneos;
			};
			name = Debug;
		};
		2AA58BFF1EFB70EB005CA856 /* Release */ = {
			isa = XCBuildConfiguration;
			buildSettings = {
				ALWAYS_SEARCH_USER_PATHS = NO;
				CLANG_ANALYZER_NONNULL = YES;
				CLANG_ANALYZER_NUMBER_OBJECT_CONVERSION = YES_AGGRESSIVE;
				CLANG_CXX_LANGUAGE_STANDARD = "gnu++0x";
				CLANG_CXX_LIBRARY = "libc++";
				CLANG_ENABLE_MODULES = YES;
				CLANG_ENABLE_OBJC_ARC = YES;
				CLANG_WARN_BOOL_CONVERSION = YES;
				CLANG_WARN_CONSTANT_CONVERSION = YES;
				CLANG_WARN_DIRECT_OBJC_ISA_USAGE = YES_ERROR;
				CLANG_WARN_DOCUMENTATION_COMMENTS = YES;
				CLANG_WARN_EMPTY_BODY = YES;
				CLANG_WARN_ENUM_CONVERSION = YES;
				CLANG_WARN_INFINITE_RECURSION = YES;
				CLANG_WARN_INT_CONVERSION = YES;
				CLANG_WARN_OBJC_ROOT_CLASS = YES_ERROR;
				CLANG_WARN_SUSPICIOUS_MOVE = YES;
				CLANG_WARN_UNREACHABLE_CODE = YES;
				CLANG_WARN__DUPLICATE_METHOD_MATCH = YES;
				"CODE_SIGN_IDENTITY[sdk=iphoneos*]" = "iPhone Developer";
				COPY_PHASE_STRIP = NO;
				DEBUG_INFORMATION_FORMAT = "dwarf-with-dsym";
				ENABLE_NS_ASSERTIONS = NO;
				ENABLE_STRICT_OBJC_MSGSEND = YES;
				GCC_C_LANGUAGE_STANDARD = gnu99;
				GCC_NO_COMMON_BLOCKS = YES;
				GCC_WARN_64_TO_32_BIT_CONVERSION = YES;
				GCC_WARN_ABOUT_RETURN_TYPE = YES_ERROR;
				GCC_WARN_UNDECLARED_SELECTOR = YES;
				GCC_WARN_UNINITIALIZED_AUTOS = YES_AGGRESSIVE;
				GCC_WARN_UNUSED_FUNCTION = YES;
				GCC_WARN_UNUSED_VARIABLE = YES;
				IPHONEOS_DEPLOYMENT_TARGET = 10.3;
				MTL_ENABLE_DEBUG_INFO = NO;
				SDKROOT = iphoneos;
				VALIDATE_PRODUCT = YES;
			};
			name = Release;
		};
		2AA58C011EFB70EB005CA856 /* Debug */ = {
			isa = XCBuildConfiguration;
			buildSettings = {
				ASSETCATALOG_COMPILER_APPICON_NAME = AppIcon;
				DEVELOPMENT_TEAM = RLW446F9SR;
				INFOPLIST_FILE = RuntimeDemo/Info.plist;
				LD_RUNPATH_SEARCH_PATHS = "$(inherited) @executable_path/Frameworks";
				PRODUCT_BUNDLE_IDENTIFIER = wupei.RuntimeDemo;
				PRODUCT_NAME = "$(TARGET_NAME)";
			};
			name = Debug;
		};
		2AA58C021EFB70EB005CA856 /* Release */ = {
			isa = XCBuildConfiguration;
			buildSettings = {
				ASSETCATALOG_COMPILER_APPICON_NAME = AppIcon;
				DEVELOPMENT_TEAM = RLW446F9SR;
				INFOPLIST_FILE = RuntimeDemo/Info.plist;
				LD_RUNPATH_SEARCH_PATHS = "$(inherited) @executable_path/Frameworks";
				PRODUCT_BUNDLE_IDENTIFIER = wupei.RuntimeDemo;
				PRODUCT_NAME = "$(TARGET_NAME)";
			};
			name = Release;
		};
		2AA58C041EFB70EB005CA856 /* Debug */ = {
			isa = XCBuildConfiguration;
			buildSettings = {
				BUNDLE_LOADER = "$(TEST_HOST)";
				DEVELOPMENT_TEAM = RLW446F9SR;
				INFOPLIST_FILE = RuntimeDemoTests/Info.plist;
				LD_RUNPATH_SEARCH_PATHS = "$(inherited) @executable_path/Frameworks @loader_path/Frameworks";
				PRODUCT_BUNDLE_IDENTIFIER = wupei.RuntimeDemoTests;
				PRODUCT_NAME = "$(TARGET_NAME)";
				TEST_HOST = "$(BUILT_PRODUCTS_DIR)/RuntimeDemo.app/RuntimeDemo";
			};
			name = Debug;
		};
		2AA58C051EFB70EB005CA856 /* Release */ = {
			isa = XCBuildConfiguration;
			buildSettings = {
				BUNDLE_LOADER = "$(TEST_HOST)";
				DEVELOPMENT_TEAM = RLW446F9SR;
				INFOPLIST_FILE = RuntimeDemoTests/Info.plist;
				LD_RUNPATH_SEARCH_PATHS = "$(inherited) @executable_path/Frameworks @loader_path/Frameworks";
				PRODUCT_BUNDLE_IDENTIFIER = wupei.RuntimeDemoTests;
				PRODUCT_NAME = "$(TARGET_NAME)";
				TEST_HOST = "$(BUILT_PRODUCTS_DIR)/RuntimeDemo.app/RuntimeDemo";
			};
			name = Release;
		};
		2AA58C071EFB70EB005CA856 /* Debug */ = {
			isa = XCBuildConfiguration;
			buildSettings = {
				DEVELOPMENT_TEAM = RLW446F9SR;
				INFOPLIST_FILE = RuntimeDemoUITests/Info.plist;
				LD_RUNPATH_SEARCH_PATHS = "$(inherited) @executable_path/Frameworks @loader_path/Frameworks";
				PRODUCT_BUNDLE_IDENTIFIER = wupei.RuntimeDemoUITests;
				PRODUCT_NAME = "$(TARGET_NAME)";
				TEST_TARGET_NAME = RuntimeDemo;
			};
			name = Debug;
		};
		2AA58C081EFB70EB005CA856 /* Release */ = {
			isa = XCBuildConfiguration;
			buildSettings = {
				DEVELOPMENT_TEAM = RLW446F9SR;
				INFOPLIST_FILE = RuntimeDemoUITests/Info.plist;
				LD_RUNPATH_SEARCH_PATHS = "$(inherited) @executable_path/Frameworks @loader_path/Frameworks";
				PRODUCT_BUNDLE_IDENTIFIER = wupei.RuntimeDemoUITests;
				PRODUCT_NAME = "$(TARGET_NAME)";
				TEST_TARGET_NAME = RuntimeDemo;
			};
			name = Release;
		};
/* End XCBuildConfiguration section */

/* Begin XCConfigurationList section */
		2AA58BCE1EFB70EA005CA856 /* Build configuration list for PBXProject "RuntimeDemo" */ = {
			isa = XCConfigurationList;
			buildConfigurations = (
				2AA58BFE1EFB70EB005CA856 /* Debug */,
				2AA58BFF1EFB70EB005CA856 /* Release */,
			);
			defaultConfigurationIsVisible = 0;
			defaultConfigurationName = Release;
		};
		2AA58C001EFB70EB005CA856 /* Build configuration list for PBXNativeTarget "RuntimeDemo" */ = {
			isa = XCConfigurationList;
			buildConfigurations = (
				2AA58C011EFB70EB005CA856 /* Debug */,
				2AA58C021EFB70EB005CA856 /* Release */,
			);
			defaultConfigurationIsVisible = 0;
		};
		2AA58C031EFB70EB005CA856 /* Build configuration list for PBXNativeTarget "RuntimeDemoTests" */ = {
			isa = XCConfigurationList;
			buildConfigurations = (
				2AA58C041EFB70EB005CA856 /* Debug */,
				2AA58C051EFB70EB005CA856 /* Release */,
			);
			defaultConfigurationIsVisible = 0;
		};
		2AA58C061EFB70EB005CA856 /* Build configuration list for PBXNativeTarget "RuntimeDemoUITests" */ = {
			isa = XCConfigurationList;
			buildConfigurations = (
				2AA58C071EFB70EB005CA856 /* Debug */,
				2AA58C081EFB70EB005CA856 /* Release */,
			);
			defaultConfigurationIsVisible = 0;
		};
/* End XCConfigurationList section */
	};
	rootObject = 2AA58BCB1EFB70EA005CA856 /* Project object */;
}
